
Microsoft Visual Studio Solution File, Format Version 12.00
# Visual Studio Version 17
VisualStudioVersion = 17.1.32210.238
MinimumVisualStudioVersion = 10.0.40219.1
Project("{FAE04EC0-301F-11D3-BF4B-00C04F79EFBC}") = "Notable", "Notable\Notable.csproj", "{6CE77AC8-D30F-4362-A63F-B2FF5D991030}"
EndProject
Global
	GlobalSection(SolutionConfigurationPlatforms) = preSolution
		Debug|Any CPU = Debug|Any CPU
		Release|Any CPU = Release|Any CPU
	EndGlobalSection
	GlobalSection(ProjectConfigurationPlatforms) = postSolution
		{6CE77AC8-D30F-4362-A63F-B2FF5D991030}.Debug|Any CPU.ActiveCfg = Debug|Any CPU
		{6CE77AC8-D30F-4362-A63F-B2FF5D991030}.Debug|Any CPU.Build.0 = Debug|Any CPU
		{6CE77AC8-D30F-4362-A63F-B2FF5D991030}.Release|Any CPU.ActiveCfg = Release|Any CPU
		{6CE77AC8-D30F-4362-A63F-B2FF5D991030}.Release|Any CPU.Build.0 = Release|Any CPU
	EndGlobalSection
	GlobalSection(SolutionProperties) = preSolution
		HideSolutionNode = FALSE
	EndGlobalSection
	GlobalSection(ExtensibilityGlobals) = postSolution
		SolutionGuid = {27B42962-E419-42E0-A35B-1C30DF2F085F}
	EndGlobalSection
EndGlobal
